
Microsoft Visual Studio Solution File, Format Version 12.00
# Visual Studio Version 16
VisualStudioVersion = 16.0.29411.108
MinimumVisualStudioVersion = 10.0.40219.1
Project("{FAE04EC0-301F-11D3-BF4B-00C04F79EFBC}") = "GFunctions", "GFunctions\GFunctions.csproj", "{3538BAFD-D5E1-4C5B-8F51-762864376441}"
EndProject
Global
	GlobalSection(SolutionConfigurationPlatforms) = preSolution
		Debug|Any CPU = Debug|Any CPU
		Release|Any CPU = Release|Any CPU
	EndGlobalSection
	GlobalSection(ProjectConfigurationPlatforms) = postSolution
		{3538BAFD-D5E1-4C5B-8F51-762864376441}.Debug|Any CPU.ActiveCfg = Debug|Any CPU
		{3538BAFD-D5E1-4C5B-8F51-762864376441}.Debug|Any CPU.Build.0 = Debug|Any CPU
		{3538BAFD-D5E1-4C5B-8F51-762864376441}.Release|Any CPU.ActiveCfg = Release|Any CPU
		{3538BAFD-D5E1-4C5B-8F51-762864376441}.Release|Any CPU.Build.0 = Release|Any CPU
	EndGlobalSection
	GlobalSection(SolutionProperties) = preSolution
		HideSolutionNode = FALSE
	EndGlobalSection
	GlobalSection(ExtensibilityGlobals) = postSolution
		SolutionGuid = {A7296774-8866-487F-8C5A-99A84026FFAC}
	EndGlobalSection
EndGlobal
