
Microsoft Visual Studio Solution File, Format Version 12.00
# Visual Studio Version 16
VisualStudioVersion = 16.0.29411.108
MinimumVisualStudioVersion = 10.0.40219.1
Project("{FAE04EC0-301F-11D3-BF4B-00C04F79EFBC}") = "GFunctions", "GFunctions\GFunctions.csproj", "{3538BAFD-D5E1-4C5B-8F51-762864376441}"
EndProject
Project("{9A19103F-16F7-4668-BE54-9A1E7A4F7556}") = "GFunctions.Mathnet", "GFunctions.Mathnet\GFunctions.Mathnet.csproj", "{ABBBF048-F1D1-4483-8603-3E687439E9EE}"
EndProject
Project("{9A19103F-16F7-4668-BE54-9A1E7A4F7556}") = "GFunctions.Plotting", "GFunctions.Plotting\GFunctions.Plotting.csproj", "{9DB77B37-D2F2-4302-97EB-55321AAA8CE1}"
EndProject
Project("{FAE04EC0-301F-11D3-BF4B-00C04F79EFBC}") = "GFunctions.OpenTK", "GFunctions.OpenTK\GFunctions.OpenTK.csproj", "{FD5AE797-551A-475D-8F27-7E66CBD30F04}"
EndProject
Project("{FAE04EC0-301F-11D3-BF4B-00C04F79EFBC}") = "GFunctions.Winforms", "GFunctions.Winforms\GFunctions.Winforms.csproj", "{0109EADB-C675-4427-AAA5-7FA1F133B662}"
EndProject
Global
	GlobalSection(SolutionConfigurationPlatforms) = preSolution
		Debug|Any CPU = Debug|Any CPU
		Release|Any CPU = Release|Any CPU
	EndGlobalSection
	GlobalSection(ProjectConfigurationPlatforms) = postSolution
		{3538BAFD-D5E1-4C5B-8F51-762864376441}.Debug|Any CPU.ActiveCfg = Debug|Any CPU
		{3538BAFD-D5E1-4C5B-8F51-762864376441}.Debug|Any CPU.Build.0 = Debug|Any CPU
		{3538BAFD-D5E1-4C5B-8F51-762864376441}.Release|Any CPU.ActiveCfg = Release|Any CPU
		{3538BAFD-D5E1-4C5B-8F51-762864376441}.Release|Any CPU.Build.0 = Release|Any CPU
		{ABBBF048-F1D1-4483-8603-3E687439E9EE}.Debug|Any CPU.ActiveCfg = Debug|Any CPU
		{ABBBF048-F1D1-4483-8603-3E687439E9EE}.Debug|Any CPU.Build.0 = Debug|Any CPU
		{ABBBF048-F1D1-4483-8603-3E687439E9EE}.Release|Any CPU.ActiveCfg = Release|Any CPU
		{ABBBF048-F1D1-4483-8603-3E687439E9EE}.Release|Any CPU.Build.0 = Release|Any CPU
		{9DB77B37-D2F2-4302-97EB-55321AAA8CE1}.Debug|Any CPU.ActiveCfg = Debug|Any CPU
		{9DB77B37-D2F2-4302-97EB-55321AAA8CE1}.Debug|Any CPU.Build.0 = Debug|Any CPU
		{9DB77B37-D2F2-4302-97EB-55321AAA8CE1}.Release|Any CPU.ActiveCfg = Release|Any CPU
		{9DB77B37-D2F2-4302-97EB-55321AAA8CE1}.Release|Any CPU.Build.0 = Release|Any CPU
		{FD5AE797-551A-475D-8F27-7E66CBD30F04}.Debug|Any CPU.ActiveCfg = Debug|Any CPU
		{FD5AE797-551A-475D-8F27-7E66CBD30F04}.Debug|Any CPU.Build.0 = Debug|Any CPU
		{FD5AE797-551A-475D-8F27-7E66CBD30F04}.Release|Any CPU.ActiveCfg = Release|Any CPU
		{FD5AE797-551A-475D-8F27-7E66CBD30F04}.Release|Any CPU.Build.0 = Release|Any CPU
		{0109EADB-C675-4427-AAA5-7FA1F133B662}.Debug|Any CPU.ActiveCfg = Debug|Any CPU
		{0109EADB-C675-4427-AAA5-7FA1F133B662}.Debug|Any CPU.Build.0 = Debug|Any CPU
		{0109EADB-C675-4427-AAA5-7FA1F133B662}.Release|Any CPU.ActiveCfg = Release|Any CPU
		{0109EADB-C675-4427-AAA5-7FA1F133B662}.Release|Any CPU.Build.0 = Release|Any CPU
	EndGlobalSection
	GlobalSection(SolutionProperties) = preSolution
		HideSolutionNode = FALSE
	EndGlobalSection
	GlobalSection(ExtensibilityGlobals) = postSolution
		SolutionGuid = {A7296774-8866-487F-8C5A-99A84026FFAC}
	EndGlobalSection
EndGlobal
